// !$*UTF8*$!
{
	archiveVersion = 1;
	classes = {
	};
	objectVersion = 77;
	objects = {

/* Begin PBXBuildFile section */
		0C5233462EF207B300F0B3FB /* SoundEffect.swift in Sources */ = {isa = PBXBuildFile; fileRef = 0C5233452EF207B300F0B3FB /* SoundEffect.swift */; };
		0C6DE9FF2EF037D3000362AB /* Haptics.swift in Sources */ = {isa = PBXBuildFile; fileRef = 0C6DE9FE2EF037D3000362AB /* Haptics.swift */; };
		0C6DEA012EF037E7000362AB /* AppColors.swift in Sources */ = {isa = PBXBuildFile; fileRef = 0C6DEA002EF037E7000362AB /* AppColors.swift */; };
		0C6DEA032EF037F7000362AB /* Persistence.swift in Sources */ = {isa = PBXBuildFile; fileRef = 0C6DEA022EF037F7000362AB /* Persistence.swift */; };
		0C6DEA052EF03808000362AB /* Zone.swift in Sources */ = {isa = PBXBuildFile; fileRef = 0C6DEA042EF03808000362AB /* Zone.swift */; };
		0C6DEA072EF03815000362AB /* ZoneStopwatch.swift in Sources */ = {isa = PBXBuildFile; fileRef = 0C6DEA062EF03815000362AB /* ZoneStopwatch.swift */; };
		0C6DEA092EF03822000362AB /* ZoneStatus.swift in Sources */ = {isa = PBXBuildFile; fileRef = 0C6DEA082EF03822000362AB /* ZoneStatus.swift */; };
		0C6DEA0B2EF03830000362AB /* AppSettings.swift in Sources */ = {isa = PBXBuildFile; fileRef = 0C6DEA0A2EF03830000362AB /* AppSettings.swift */; };
		0C6DEA0D2EF03840000362AB /* StopwatchesStore.swift in Sources */ = {isa = PBXBuildFile; fileRef = 0C6DEA0C2EF03840000362AB /* StopwatchesStore.swift */; };
		0C6DEA0F2EF03854000362AB /* Ring.swift in Sources */ = {isa = PBXBuildFile; fileRef = 0C6DEA0E2EF03854000362AB /* Ring.swift */; };
		0C6DEA112EF03860000362AB /* ZoneCard.swift in Sources */ = {isa = PBXBuildFile; fileRef = 0C6DEA102EF03860000362AB /* ZoneCard.swift */; };
		0C6DEA132EF0386E000362AB /* ZoneGrid.swift in Sources */ = {isa = PBXBuildFile; fileRef = 0C6DEA122EF0386E000362AB /* ZoneGrid.swift */; };
		0C6DEA152EF0387F000362AB /* HeaderIconButton.swift in Sources */ = {isa = PBXBuildFile; fileRef = 0C6DEA142EF0387F000362AB /* HeaderIconButton.swift */; };
		0C6DEA172EF0388C000362AB /* MenuView.swift in Sources */ = {isa = PBXBuildFile; fileRef = 0C6DEA162EF0388C000362AB /* MenuView.swift */; };
/* End PBXBuildFile section */

/* Begin PBXFileReference section */
		0C5233452EF207B300F0B3FB /* SoundEffect.swift */ = {isa = PBXFileReference; lastKnownFileType = sourcecode.swift; path = SoundEffect.swift; sourceTree = "<group>"; };
		0C63153E2EEEB5A200F3E0FA /* Velor.app */ = {isa = PBXFileReference; explicitFileType = wrapper.application; includeInIndex = 0; path = Velor.app; sourceTree = BUILT_PRODUCTS_DIR; };
		0C6DE9FE2EF037D3000362AB /* Haptics.swift */ = {isa = PBXFileReference; lastKnownFileType = sourcecode.swift; path = Haptics.swift; sourceTree = "<group>"; };
		0C6DEA002EF037E7000362AB /* AppColors.swift */ = {isa = PBXFileReference; lastKnownFileType = sourcecode.swift; path = AppColors.swift; sourceTree = "<group>"; };
		0C6DEA022EF037F7000362AB /* Persistence.swift */ = {isa = PBXFileReference; lastKnownFileType = sourcecode.swift; path = Persistence.swift; sourceTree = "<group>"; };
		0C6DEA042EF03808000362AB /* Zone.swift */ = {isa = PBXFileReference; lastKnownFileType = sourcecode.swift; path = Zone.swift; sourceTree = "<group>"; };
		0C6DEA062EF03815000362AB /* ZoneStopwatch.swift */ = {isa = PBXFileReference; lastKnownFileType = sourcecode.swift; path = ZoneStopwatch.swift; sourceTree = "<group>"; };
		0C6DEA082EF03822000362AB /* ZoneStatus.swift */ = {isa = PBXFileReference; lastKnownFileType = sourcecode.swift; path = ZoneStatus.swift; sourceTree = "<group>"; };
		0C6DEA0A2EF03830000362AB /* AppSettings.swift */ = {isa = PBXFileReference; lastKnownFileType = sourcecode.swift; path = AppSettings.swift; sourceTree = "<group>"; };
		0C6DEA0C2EF03840000362AB /* StopwatchesStore.swift */ = {isa = PBXFileReference; lastKnownFileType = sourcecode.swift; path = StopwatchesStore.swift; sourceTree = "<group>"; };
		0C6DEA0E2EF03854000362AB /* Ring.swift */ = {isa = PBXFileReference; lastKnownFileType = sourcecode.swift; path = Ring.swift; sourceTree = "<group>"; };
		0C6DEA102EF03860000362AB /* ZoneCard.swift */ = {isa = PBXFileReference; lastKnownFileType = sourcecode.swift; path = ZoneCard.swift; sourceTree = "<group>"; };
		0C6DEA122EF0386E000362AB /* ZoneGrid.swift */ = {isa = PBXFileReference; lastKnownFileType = sourcecode.swift; path = ZoneGrid.swift; sourceTree = "<group>"; };
		0C6DEA142EF0387F000362AB /* HeaderIconButton.swift */ = {isa = PBXFileReference; lastKnownFileType = sourcecode.swift; path = HeaderIconButton.swift; sourceTree = "<group>"; };
		0C6DEA162EF0388C000362AB /* MenuView.swift */ = {isa = PBXFileReference; lastKnownFileType = sourcecode.swift; path = MenuView.swift; sourceTree = "<group>"; };
/* End PBXFileReference section */

/* Begin PBXFileSystemSynchronizedRootGroup section */
		0C6315402EEEB5A200F3E0FA /* Velor */ = {
			isa = PBXFileSystemSynchronizedRootGroup;
			path = Velor;
			sourceTree = "<group>";
		};
/* End PBXFileSystemSynchronizedRootGroup section */

/* Begin PBXFrameworksBuildPhase section */
		0C63153B2EEEB5A200F3E0FA /* Frameworks */ = {
			isa = PBXFrameworksBuildPhase;
			buildActionMask = 2147483647;
			files = (
			);
			runOnlyForDeploymentPostprocessing = 0;
		};
/* End PBXFrameworksBuildPhase section */

/* Begin PBXGroup section */
		0C6315352EEEB5A200F3E0FA = {
			isa = PBXGroup;
			children = (
				0C6DE9FD2EF037B8000362AB /* Utilities */,
				0C6DE9FB2EF037A6000362AB /* Views */,
				0C6DE9FA2EF037A0000362AB /* ViewModels */,
				0C6DE9F92EF03799000362AB /* Models */,
				0C6315402EEEB5A200F3E0FA /* Velor */,
				0C63153F2EEEB5A200F3E0FA /* Products */,
			);
			sourceTree = "<group>";
		};
		0C63153F2EEEB5A200F3E0FA /* Products */ = {
			isa = PBXGroup;
			children = (
				0C63153E2EEEB5A200F3E0FA /* Velor.app */,
			);
			name = Products;
			sourceTree = "<group>";
		};
		0C6DE9F92EF03799000362AB /* Models */ = {
			isa = PBXGroup;
			children = (
				0C6DEA042EF03808000362AB /* Zone.swift */,
				0C6DEA062EF03815000362AB /* ZoneStopwatch.swift */,
				0C6DEA082EF03822000362AB /* ZoneStatus.swift */,
				0C6DEA0A2EF03830000362AB /* AppSettings.swift */,
			);
			path = Models;
			sourceTree = "<group>";
		};
		0C6DE9FA2EF037A0000362AB /* ViewModels */ = {
			isa = PBXGroup;
			children = (
				0C6DEA0C2EF03840000362AB /* StopwatchesStore.swift */,
			);
			path = ViewModels;
			sourceTree = "<group>";
		};
		0C6DE9FB2EF037A6000362AB /* Views */ = {
			isa = PBXGroup;
			children = (
				0C6DE9FC2EF037AF000362AB /* Components */,
			);
			path = Views;
			sourceTree = "<group>";
		};
		0C6DE9FC2EF037AF000362AB /* Components */ = {
			isa = PBXGroup;
			children = (
				0C6DEA0E2EF03854000362AB /* Ring.swift */,
				0C6DEA102EF03860000362AB /* ZoneCard.swift */,
				0C6DEA122EF0386E000362AB /* ZoneGrid.swift */,
				0C6DEA142EF0387F000362AB /* HeaderIconButton.swift */,
				0C6DEA162EF0388C000362AB /* MenuView.swift */,
			);
			path = Components;
			sourceTree = "<group>";
		};
		0C6DE9FD2EF037B8000362AB /* Utilities */ = {
			isa = PBXGroup;
			children = (
				0C6DE9FE2EF037D3000362AB /* Haptics.swift */,
				0C6DEA002EF037E7000362AB /* AppColors.swift */,
				0C6DEA022EF037F7000362AB /* Persistence.swift */,
				0C5233452EF207B300F0B3FB /* SoundEffect.swift */,
			);
			path = Utilities;
			sourceTree = "<group>";
		};
/* End PBXGroup section */

/* Begin PBXNativeTarget section */
		0C63153D2EEEB5A200F3E0FA /* Velor */ = {
			isa = PBXNativeTarget;
			buildConfigurationList = 0C6315492EEEB5A300F3E0FA /* Build configuration list for PBXNativeTarget "Velor" */;
			buildPhases = (
				0C63153A2EEEB5A200F3E0FA /* Sources */,
				0C63153B2EEEB5A200F3E0FA /* Frameworks */,
				0C63153C2EEEB5A200F3E0FA /* Resources */,
			);
			buildRules = (
			);
			dependencies = (
			);
			fileSystemSynchronizedGroups = (
				0C6315402EEEB5A200F3E0FA /* Velor */,
			);
			name = Velor;
			packageProductDependencies = (
			);
			productName = Velor;
			productReference = 0C63153E2EEEB5A200F3E0FA /* Velor.app */;
			productType = "com.apple.product-type.application";
		};
/* End PBXNativeTarget section */

/* Begin PBXProject section */
		0C6315362EEEB5A200F3E0FA /* Project object */ = {
			isa = PBXProject;
			attributes = {
				BuildIndependentTargetsInParallel = 1;
				LastSwiftUpdateCheck = 2610;
				LastUpgradeCheck = 2610;
				TargetAttributes = {
					0C63153D2EEEB5A200F3E0FA = {
						CreatedOnToolsVersion = 26.1.1;
					};
				};
			};
			buildConfigurationList = 0C6315392EEEB5A200F3E0FA /* Build configuration list for PBXProject "Velor" */;
			developmentRegion = en;
			hasScannedForEncodings = 0;
			knownRegions = (
				en,
				Base,
			);
			mainGroup = 0C6315352EEEB5A200F3E0FA;
			minimizedProjectReferenceProxies = 1;
			preferredProjectObjectVersion = 77;
			productRefGroup = 0C63153F2EEEB5A200F3E0FA /* Products */;
			projectDirPath = "";
			projectRoot = "";
			targets = (
				0C63153D2EEEB5A200F3E0FA /* Velor */,
			);
		};
/* End PBXProject section */

/* Begin PBXResourcesBuildPhase section */
		0C63153C2EEEB5A200F3E0FA /* Resources */ = {
			isa = PBXResourcesBuildPhase;
			buildActionMask = 2147483647;
			files = (
			);
			runOnlyForDeploymentPostprocessing = 0;
		};
/* End PBXResourcesBuildPhase section */

/* Begin PBXSourcesBuildPhase section */
		0C63153A2EEEB5A200F3E0FA /* Sources */ = {
			isa = PBXSourcesBuildPhase;
			buildActionMask = 2147483647;
			files = (
				0C5233462EF207B300F0B3FB /* SoundEffect.swift in Sources */,
				0C6DE9FF2EF037D3000362AB /* Haptics.swift in Sources */,
				0C6DEA012EF037E7000362AB /* AppColors.swift in Sources */,
				0C6DEA0D2EF03840000362AB /* StopwatchesStore.swift in Sources */,
				0C6DEA092EF03822000362AB /* ZoneStatus.swift in Sources */,
				0C6DEA0B2EF03830000362AB /* AppSettings.swift in Sources */,
				0C6DEA112EF03860000362AB /* ZoneCard.swift in Sources */,
				0C6DEA132EF0386E000362AB /* ZoneGrid.swift in Sources */,
				0C6DEA032EF037F7000362AB /* Persistence.swift in Sources */,
				0C6DEA172EF0388C000362AB /* MenuView.swift in Sources */,
				0C6DEA072EF03815000362AB /* ZoneStopwatch.swift in Sources */,
				0C6DEA0F2EF03854000362AB /* Ring.swift in Sources */,
				0C6DEA052EF03808000362AB /* Zone.swift in Sources */,
				0C6DEA152EF0387F000362AB /* HeaderIconButton.swift in Sources */,
			);
			runOnlyForDeploymentPostprocessing = 0;
		};
/* End PBXSourcesBuildPhase section */

/* Begin XCBuildConfiguration section */
		0C6315472EEEB5A300F3E0FA /* Debug */ = {
			isa = XCBuildConfiguration;
			buildSettings = {
				ALWAYS_SEARCH_USER_PATHS = NO;
				ASSETCATALOG_COMPILER_GENERATE_SWIFT_ASSET_SYMBOL_EXTENSIONS = YES;
				CLANG_ANALYZER_NONNULL = YES;
				CLANG_ANALYZER_NUMBER_OBJECT_CONVERSION = YES_AGGRESSIVE;
				CLANG_CXX_LANGUAGE_STANDARD = "gnu++20";
				CLANG_ENABLE_MODULES = YES;
				CLANG_ENABLE_OBJC_ARC = YES;
				CLANG_ENABLE_OBJC_WEAK = YES;
				CLANG_WARN_BLOCK_CAPTURE_AUTORELEASING = YES;
				CLANG_WARN_BOOL_CONVERSION = YES;
				CLANG_WARN_COMMA = YES;
				CLANG_WARN_CONSTANT_CONVERSION = YES;
				CLANG_WARN_DEPRECATED_OBJC_IMPLEMENTATIONS = YES;
				CLANG_WARN_DIRECT_OBJC_ISA_USAGE = YES_ERROR;
				CLANG_WARN_DOCUMENTATION_COMMENTS = YES;
				CLANG_WARN_EMPTY_BODY = YES;
				CLANG_WARN_ENUM_CONVERSION = YES;
				CLANG_WARN_INFINITE_RECURSION = YES;
				CLANG_WARN_INT_CONVERSION = YES;
				CLANG_WARN_NON_LITERAL_NULL_CONVERSION = YES;
				CLANG_WARN_OBJC_IMPLICIT_RETAIN_SELF = YES;
				CLANG_WARN_OBJC_LITERAL_CONVERSION = YES;
				CLANG_WARN_OBJC_ROOT_CLASS = YES_ERROR;
				CLANG_WARN_QUOTED_INCLUDE_IN_FRAMEWORK_HEADER = YES;
				CLANG_WARN_RANGE_LOOP_ANALYSIS = YES;
				CLANG_WARN_STRICT_PROTOTYPES = YES;
				CLANG_WARN_SUSPICIOUS_MOVE = YES;
				CLANG_WARN_UNGUARDED_AVAILABILITY = YES_AGGRESSIVE;
				CLANG_WARN_UNREACHABLE_CODE = YES;
				CLANG_WARN__DUPLICATE_METHOD_MATCH = YES;
				COPY_PHASE_STRIP = NO;
				DEBUG_INFORMATION_FORMAT = dwarf;
				DEVELOPMENT_TEAM = KNLRLV22QW;
				ENABLE_STRICT_OBJC_MSGSEND = YES;
				ENABLE_TESTABILITY = YES;
				ENABLE_USER_SCRIPT_SANDBOXING = YES;
				GCC_C_LANGUAGE_STANDARD = gnu17;
				GCC_DYNAMIC_NO_PIC = NO;
				GCC_NO_COMMON_BLOCKS = YES;
				GCC_OPTIMIZATION_LEVEL = 0;
				GCC_PREPROCESSOR_DEFINITIONS = (
					"DEBUG=1",
					"$(inherited)",
				);
				GCC_WARN_64_TO_32_BIT_CONVERSION = YES;
				GCC_WARN_ABOUT_RETURN_TYPE = YES_ERROR;
				GCC_WARN_UNDECLARED_SELECTOR = YES;
				GCC_WARN_UNINITIALIZED_AUTOS = YES_AGGRESSIVE;
				GCC_WARN_UNUSED_FUNCTION = YES;
				GCC_WARN_UNUSED_VARIABLE = YES;
				IPHONEOS_DEPLOYMENT_TARGET = 26.1;
				LOCALIZATION_PREFERS_STRING_CATALOGS = YES;
				MTL_ENABLE_DEBUG_INFO = INCLUDE_SOURCE;
				MTL_FAST_MATH = YES;
				ONLY_ACTIVE_ARCH = YES;
				SDKROOT = iphoneos;
				SWIFT_ACTIVE_COMPILATION_CONDITIONS = "DEBUG $(inherited)";
				SWIFT_OPTIMIZATION_LEVEL = "-Onone";
			};
			name = Debug;
		};
		0C6315482EEEB5A300F3E0FA /* Release */ = {
			isa = XCBuildConfiguration;
			buildSettings = {
				ALWAYS_SEARCH_USER_PATHS = NO;
				ASSETCATALOG_COMPILER_GENERATE_SWIFT_ASSET_SYMBOL_EXTENSIONS = YES;
				CLANG_ANALYZER_NONNULL = YES;
				CLANG_ANALYZER_NUMBER_OBJECT_CONVERSION = YES_AGGRESSIVE;
				CLANG_CXX_LANGUAGE_STANDARD = "gnu++20";
				CLANG_ENABLE_MODULES = YES;
				CLANG_ENABLE_OBJC_ARC = YES;
				CLANG_ENABLE_OBJC_WEAK = YES;
				CLANG_WARN_BLOCK_CAPTURE_AUTORELEASING = YES;
				CLANG_WARN_BOOL_CONVERSION = YES;
				CLANG_WARN_COMMA = YES;
				CLANG_WARN_CONSTANT_CONVERSION = YES;
				CLANG_WARN_DEPRECATED_OBJC_IMPLEMENTATIONS = YES;
				CLANG_WARN_DIRECT_OBJC_ISA_USAGE = YES_ERROR;
				CLANG_WARN_DOCUMENTATION_COMMENTS = YES;
				CLANG_WARN_EMPTY_BODY = YES;
				CLANG_WARN_ENUM_CONVERSION = YES;
				CLANG_WARN_INFINITE_RECURSION = YES;
				CLANG_WARN_INT_CONVERSION = YES;
				CLANG_WARN_NON_LITERAL_NULL_CONVERSION = YES;
				CLANG_WARN_OBJC_IMPLICIT_RETAIN_SELF = YES;
				CLANG_WARN_OBJC_LITERAL_CONVERSION = YES;
				CLANG_WARN_OBJC_ROOT_CLASS = YES_ERROR;
				CLANG_WARN_QUOTED_INCLUDE_IN_FRAMEWORK_HEADER = YES;
				CLANG_WARN_RANGE_LOOP_ANALYSIS = YES;
				CLANG_WARN_STRICT_PROTOTYPES = YES;
				CLANG_WARN_SUSPICIOUS_MOVE = YES;
				CLANG_WARN_UNGUARDED_AVAILABILITY = YES_AGGRESSIVE;
				CLANG_WARN_UNREACHABLE_CODE = YES;
				CLANG_WARN__DUPLICATE_METHOD_MATCH = YES;
				COPY_PHASE_STRIP = NO;
				DEBUG_INFORMATION_FORMAT = "dwarf-with-dsym";
				DEVELOPMENT_TEAM = KNLRLV22QW;
				ENABLE_NS_ASSERTIONS = NO;
				ENABLE_STRICT_OBJC_MSGSEND = YES;
				ENABLE_USER_SCRIPT_SANDBOXING = YES;
				GCC_C_LANGUAGE_STANDARD = gnu17;
				GCC_NO_COMMON_BLOCKS = YES;
				GCC_WARN_64_TO_32_BIT_CONVERSION = YES;
				GCC_WARN_ABOUT_RETURN_TYPE = YES_ERROR;
				GCC_WARN_UNDECLARED_SELECTOR = YES;
				GCC_WARN_UNINITIALIZED_AUTOS = YES_AGGRESSIVE;
				GCC_WARN_UNUSED_FUNCTION = YES;
				GCC_WARN_UNUSED_VARIABLE = YES;
				IPHONEOS_DEPLOYMENT_TARGET = 26.1;
				LOCALIZATION_PREFERS_STRING_CATALOGS = YES;
				MTL_ENABLE_DEBUG_INFO = NO;
				MTL_FAST_MATH = YES;
				SDKROOT = iphoneos;
				SWIFT_COMPILATION_MODE = wholemodule;
				VALIDATE_PRODUCT = YES;
			};
			name = Release;
		};
		0C63154A2EEEB5A300F3E0FA /* Debug */ = {
			isa = XCBuildConfiguration;
			buildSettings = {
				ASSETCATALOG_COMPILER_APPICON_NAME = AppIcon;
				ASSETCATALOG_COMPILER_GLOBAL_ACCENT_COLOR_NAME = AccentColor;
				CODE_SIGN_STYLE = Automatic;
				CURRENT_PROJECT_VERSION = 1;
				DEVELOPMENT_TEAM = KNLRLV22QW;
				ENABLE_PREVIEWS = YES;
				GENERATE_INFOPLIST_FILE = YES;
				INFOPLIST_KEY_UIApplicationSceneManifest_Generation = YES;
				INFOPLIST_KEY_UIApplicationSupportsIndirectInputEvents = YES;
				INFOPLIST_KEY_UILaunchScreen_Generation = YES;
				INFOPLIST_KEY_UISupportedInterfaceOrientations_iPad = "UIInterfaceOrientationPortrait UIInterfaceOrientationPortraitUpsideDown UIInterfaceOrientationLandscapeLeft UIInterfaceOrientationLandscapeRight";
				INFOPLIST_KEY_UISupportedInterfaceOrientations_iPhone = "UIInterfaceOrientationPortrait UIInterfaceOrientationLandscapeLeft UIInterfaceOrientationLandscapeRight";
				LD_RUNPATH_SEARCH_PATHS = (
					"$(inherited)",
					"@executable_path/Frameworks",
				);
				MARKETING_VERSION = 1.0;
				PRODUCT_BUNDLE_IDENTIFIER = shatilovich.Velor;
				PRODUCT_NAME = "$(TARGET_NAME)";
				STRING_CATALOG_GENERATE_SYMBOLS = YES;
				SWIFT_APPROACHABLE_CONCURRENCY = YES;
				SWIFT_DEFAULT_ACTOR_ISOLATION = MainActor;
				SWIFT_EMIT_LOC_STRINGS = YES;
				SWIFT_UPCOMING_FEATURE_MEMBER_IMPORT_VISIBILITY = YES;
				SWIFT_VERSION = 5.0;
				TARGETED_DEVICE_FAMILY = "1,2";
			};
			name = Debug;
		};
		0C63154B2EEEB5A300F3E0FA /* Release */ = {
			isa = XCBuildConfiguration;
			buildSettings = {
				ASSETCATALOG_COMPILER_APPICON_NAME = AppIcon;
				ASSETCATALOG_COMPILER_GLOBAL_ACCENT_COLOR_NAME = AccentColor;
				CODE_SIGN_STYLE = Automatic;
				CURRENT_PROJECT_VERSION = 1;
				DEVELOPMENT_TEAM = KNLRLV22QW;
				ENABLE_PREVIEWS = YES;
				GENERATE_INFOPLIST_FILE = YES;
				INFOPLIST_KEY_UIApplicationSceneManifest_Generation = YES;
				INFOPLIST_KEY_UIApplicationSupportsIndirectInputEvents = YES;
				INFOPLIST_KEY_UILaunchScreen_Generation = YES;
				INFOPLIST_KEY_UISupportedInterfaceOrientations_iPad = "UIInterfaceOrientationPortrait UIInterfaceOrientationPortraitUpsideDown UIInterfaceOrientationLandscapeLeft UIInterfaceOrientationLandscapeRight";
				INFOPLIST_KEY_UISupportedInterfaceOrientations_iPhone = "UIInterfaceOrientationPortrait UIInterfaceOrientationLandscapeLeft UIInterfaceOrientationLandscapeRight";
				LD_RUNPATH_SEARCH_PATHS = (
					"$(inherited)",
					"@executable_path/Frameworks",
				);
				MARKETING_VERSION = 1.0;
				PRODUCT_BUNDLE_IDENTIFIER = shatilovich.Velor;
				PRODUCT_NAME = "$(TARGET_NAME)";
				STRING_CATALOG_GENERATE_SYMBOLS = YES;
				SWIFT_APPROACHABLE_CONCURRENCY = YES;
				SWIFT_DEFAULT_ACTOR_ISOLATION = MainActor;
				SWIFT_EMIT_LOC_STRINGS = YES;
				SWIFT_UPCOMING_FEATURE_MEMBER_IMPORT_VISIBILITY = YES;
				SWIFT_VERSION = 5.0;
				TARGETED_DEVICE_FAMILY = "1,2";
			};
			name = Release;
		};
/* End XCBuildConfiguration section */

/* Begin XCConfigurationList section */
		0C6315392EEEB5A200F3E0FA /* Build configuration list for PBXProject "Velor" */ = {
			isa = XCConfigurationList;
			buildConfigurations = (
				0C6315472EEEB5A300F3E0FA /* Debug */,
				0C6315482EEEB5A300F3E0FA /* Release */,
			);
			defaultConfigurationIsVisible = 0;
			defaultConfigurationName = Release;
		};
		0C6315492EEEB5A300F3E0FA /* Build configuration list for PBXNativeTarget "Velor" */ = {
			isa = XCConfigurationList;
			buildConfigurations = (
				0C63154A2EEEB5A300F3E0FA /* Debug */,
				0C63154B2EEEB5A300F3E0FA /* Release */,
			);
			defaultConfigurationIsVisible = 0;
			defaultConfigurationName = Release;
		};
/* End XCConfigurationList section */
	};
	rootObject = 0C6315362EEEB5A200F3E0FA /* Project object */;
}
